
Microsoft Visual Studio Solution File, Format Version 12.00
# Visual Studio 15
VisualStudioVersion = 15.0.27130.2027
MinimumVisualStudioVersion = 10.0.40219.1
Project("{FAE04EC0-301F-11D3-BF4B-00C04F79EFBC}") = "Ocph.DAL", "Ocph.DAL\Ocph.DAL.csproj", "{38CFF432-A6BC-4ABB-A67B-0A20CDD89979}"
EndProject
Project("{FAE04EC0-301F-11D3-BF4B-00C04F79EFBC}") = "Ocph.DAL.Test", "Ocph.DAL.Test\Ocph.DAL.Test.csproj", "{3B3E834A-C42D-49F2-BC0C-57A0CAEE7223}"
EndProject
Global
	GlobalSection(SolutionConfigurationPlatforms) = preSolution
		Debug|Any CPU = Debug|Any CPU
		Release|Any CPU = Release|Any CPU
	EndGlobalSection
	GlobalSection(ProjectConfigurationPlatforms) = postSolution
		{38CFF432-A6BC-4ABB-A67B-0A20CDD89979}.Debug|Any CPU.ActiveCfg = Debug|Any CPU
		{38CFF432-A6BC-4ABB-A67B-0A20CDD89979}.Debug|Any CPU.Build.0 = Debug|Any CPU
		{38CFF432-A6BC-4ABB-A67B-0A20CDD89979}.Release|Any CPU.ActiveCfg = Release|Any CPU
		{38CFF432-A6BC-4ABB-A67B-0A20CDD89979}.Release|Any CPU.Build.0 = Release|Any CPU
		{3B3E834A-C42D-49F2-BC0C-57A0CAEE7223}.Debug|Any CPU.ActiveCfg = Debug|Any CPU
		{3B3E834A-C42D-49F2-BC0C-57A0CAEE7223}.Debug|Any CPU.Build.0 = Debug|Any CPU
		{3B3E834A-C42D-49F2-BC0C-57A0CAEE7223}.Release|Any CPU.ActiveCfg = Release|Any CPU
		{3B3E834A-C42D-49F2-BC0C-57A0CAEE7223}.Release|Any CPU.Build.0 = Release|Any CPU
	EndGlobalSection
	GlobalSection(SolutionProperties) = preSolution
		HideSolutionNode = FALSE
	EndGlobalSection
	GlobalSection(ExtensibilityGlobals) = postSolution
		SolutionGuid = {3ED57F24-0CBC-4821-8FFE-0BE98F4AB33A}
	EndGlobalSection
EndGlobal
